
Microsoft Visual Studio Solution File, Format Version 12.00
# Visual Studio Version 17
VisualStudioVersion = 17.6.33815.320
MinimumVisualStudioVersion = 10.0.40219.1
Project("{FAE04EC0-301F-11D3-BF4B-00C04F79EFBC}") = "Hoi4Charmaker", "Hoi4Charmaker\Hoi4Charmaker.csproj", "{9433877B-3A20-46CB-A971-6F518F17A7F1}"
EndProject
Global
	GlobalSection(SolutionConfigurationPlatforms) = preSolution
		Debug|Any CPU = Debug|Any CPU
		Release|Any CPU = Release|Any CPU
	EndGlobalSection
	GlobalSection(ProjectConfigurationPlatforms) = postSolution
		{9433877B-3A20-46CB-A971-6F518F17A7F1}.Debug|Any CPU.ActiveCfg = Debug|Any CPU
		{9433877B-3A20-46CB-A971-6F518F17A7F1}.Debug|Any CPU.Build.0 = Debug|Any CPU
		{9433877B-3A20-46CB-A971-6F518F17A7F1}.Release|Any CPU.ActiveCfg = Release|Any CPU
		{9433877B-3A20-46CB-A971-6F518F17A7F1}.Release|Any CPU.Build.0 = Release|Any CPU
	EndGlobalSection
	GlobalSection(SolutionProperties) = preSolution
		HideSolutionNode = FALSE
	EndGlobalSection
	GlobalSection(ExtensibilityGlobals) = postSolution
		SolutionGuid = {E38A953B-4B5F-4197-87FE-C3A805B8E895}
	EndGlobalSection
EndGlobal
